// !$*UTF8*$!
{
	archiveVersion = 1;
	classes = {
	};
	objectVersion = 56;
	objects = {

/* Begin PBXBuildFile section */
		72092A2C2B78CB4600B43D7F /* RMSearchViewController.swift in Sources */ = {isa = PBXBuildFile; fileRef = 72092A2B2B78CB4600B43D7F /* RMSearchViewController.swift */; };
		72092A2E2B78DC8200B43D7F /* RMEpisodeInformationCollectionViewCell.swift in Sources */ = {isa = PBXBuildFile; fileRef = 72092A2D2B78DC8200B43D7F /* RMEpisodeInformationCollectionViewCell.swift */; };
		72092A302B78DC8D00B43D7F /* RMEpisodeInformationCollectionViewCellViewModel.swift in Sources */ = {isa = PBXBuildFile; fileRef = 72092A2F2B78DC8D00B43D7F /* RMEpisodeInformationCollectionViewCellViewModel.swift */; };
		721248E22B77C7D200EEE028 /* RMEpisodeDetailViewViewModel.swift in Sources */ = {isa = PBXBuildFile; fileRef = 721248E12B77C7D200EEE028 /* RMEpisodeDetailViewViewModel.swift */; };
		721248E42B77C88300EEE028 /* RMEpisodeDetailView.swift in Sources */ = {isa = PBXBuildFile; fileRef = 721248E32B77C88300EEE028 /* RMEpisodeDetailView.swift */; };
		721248E72B77CAFC00EEE028 /* RMEpisodeListView.swift in Sources */ = {isa = PBXBuildFile; fileRef = 721248E62B77CAFC00EEE028 /* RMEpisodeListView.swift */; };
		721248EC2B77CB3600EEE028 /* RMEpisodeListViewViewModel.swift in Sources */ = {isa = PBXBuildFile; fileRef = 721248EB2B77CB3600EEE028 /* RMEpisodeListViewViewModel.swift */; };
		721248EE2B77D0F700EEE028 /* RMGetAllEpisodesResponse.swift in Sources */ = {isa = PBXBuildFile; fileRef = 721248ED2B77D0F700EEE028 /* RMGetAllEpisodesResponse.swift */; };
		721248F02B77D17500EEE028 /* RMEpisodeCollectionViewCellViewModel.swift in Sources */ = {isa = PBXBuildFile; fileRef = 721248EF2B77D17500EEE028 /* RMEpisodeCollectionViewCellViewModel.swift */; };
		721248F22B77D28700EEE028 /* RMEpisodeCollectionViewCell.swift in Sources */ = {isa = PBXBuildFile; fileRef = 721248F12B77D28700EEE028 /* RMEpisodeCollectionViewCell.swift */; };
		722651C42B7BED5E00C898EC /* RMSearchView.swift in Sources */ = {isa = PBXBuildFile; fileRef = 722651C32B7BED5E00C898EC /* RMSearchView.swift */; };
		722651C72B7BEE0600C898EC /* RMSearchViewViewModel.swift in Sources */ = {isa = PBXBuildFile; fileRef = 722651C62B7BEE0600C898EC /* RMSearchViewViewModel.swift */; };
		722651C92B7BEF9B00C898EC /* RMNoSearchResultsView.swift in Sources */ = {isa = PBXBuildFile; fileRef = 722651C82B7BEF9B00C898EC /* RMNoSearchResultsView.swift */; };
		722651CB2B7BEFB400C898EC /* RMNoSearchResultsViewViewModel.swift in Sources */ = {isa = PBXBuildFile; fileRef = 722651CA2B7BEFB400C898EC /* RMNoSearchResultsViewViewModel.swift */; };
		722651CD2B7BEFE400C898EC /* RMSearchInputView.swift in Sources */ = {isa = PBXBuildFile; fileRef = 722651CC2B7BEFE400C898EC /* RMSearchInputView.swift */; };
		722651CF2B7BF00700C898EC /* RMSearchInputViewViewModel.swift in Sources */ = {isa = PBXBuildFile; fileRef = 722651CE2B7BF00700C898EC /* RMSearchInputViewViewModel.swift */; };
		722ADDE92B7657950076D518 /* RMEpisodeDetailViewController.swift in Sources */ = {isa = PBXBuildFile; fileRef = 722ADDE82B7657950076D518 /* RMEpisodeDetailViewController.swift */; };
		722ADDEB2B7659D40076D518 /* RMAPICacheManager.swift in Sources */ = {isa = PBXBuildFile; fileRef = 722ADDEA2B7659D40076D518 /* RMAPICacheManager.swift */; };
		72384FF22B6C078D004BCF37 /* RMCharacterDetailViewController.swift in Sources */ = {isa = PBXBuildFile; fileRef = 72384FF12B6C078D004BCF37 /* RMCharacterDetailViewController.swift */; };
		72384FF52B6C084A004BCF37 /* RMCharacterDetailView.swift in Sources */ = {isa = PBXBuildFile; fileRef = 72384FF42B6C084A004BCF37 /* RMCharacterDetailView.swift */; };
		72384FF72B6C0872004BCF37 /* RMCharacterDetailViewViewModel.swift in Sources */ = {isa = PBXBuildFile; fileRef = 72384FF62B6C0872004BCF37 /* RMCharacterDetailViewViewModel.swift */; };
		72384FF92B6C1165004BCF37 /* RMFooterLoadingCollectionReusableView.swift in Sources */ = {isa = PBXBuildFile; fileRef = 72384FF82B6C1165004BCF37 /* RMFooterLoadingCollectionReusableView.swift */; };
		726AF3792B5EFBF600D94147 /* AppDelegate.swift in Sources */ = {isa = PBXBuildFile; fileRef = 726AF3782B5EFBF600D94147 /* AppDelegate.swift */; };
		726AF37B2B5EFBF600D94147 /* SceneDelegate.swift in Sources */ = {isa = PBXBuildFile; fileRef = 726AF37A2B5EFBF600D94147 /* SceneDelegate.swift */; };
		726AF37D2B5EFBF600D94147 /* RMTabViewController.swift in Sources */ = {isa = PBXBuildFile; fileRef = 726AF37C2B5EFBF600D94147 /* RMTabViewController.swift */; };
		726AF3822B5EFBF700D94147 /* Assets.xcassets in Resources */ = {isa = PBXBuildFile; fileRef = 726AF3812B5EFBF700D94147 /* Assets.xcassets */; };
		726AF3852B5EFBF700D94147 /* LaunchScreen.storyboard in Resources */ = {isa = PBXBuildFile; fileRef = 726AF3832B5EFBF700D94147 /* LaunchScreen.storyboard */; };
		72A462222B6A9BCC0040D6B3 /* RMGetAllCharactersResponse.swift in Sources */ = {isa = PBXBuildFile; fileRef = 72A462212B6A9BCC0040D6B3 /* RMGetAllCharactersResponse.swift */; };
		72A462242B6AA0CE0040D6B3 /* RMCharacterListViewViewModel.swift in Sources */ = {isa = PBXBuildFile; fileRef = 72A462232B6AA0CE0040D6B3 /* RMCharacterListViewViewModel.swift */; };
		72A462272B6AA15F0040D6B3 /* RMCharacterListView.swift in Sources */ = {isa = PBXBuildFile; fileRef = 72A462262B6AA15F0040D6B3 /* RMCharacterListView.swift */; };
		72A462292B6AAB2E0040D6B3 /* Extensions.swift in Sources */ = {isa = PBXBuildFile; fileRef = 72A462282B6AAB2E0040D6B3 /* Extensions.swift */; };
		72A4622B2B6AB3910040D6B3 /* RMCharacterCollectionViewCell.swift in Sources */ = {isa = PBXBuildFile; fileRef = 72A4622A2B6AB3910040D6B3 /* RMCharacterCollectionViewCell.swift */; };
		72A4622D2B6AB51E0040D6B3 /* RMCharacterCollectionViewCellViewModel.swift in Sources */ = {isa = PBXBuildFile; fileRef = 72A4622C2B6AB51E0040D6B3 /* RMCharacterCollectionViewCellViewModel.swift */; };
		72A850AB2B6538BB005F23A6 /* RMLocation.swift in Sources */ = {isa = PBXBuildFile; fileRef = 72A850AA2B6538BB005F23A6 /* RMLocation.swift */; };
		72A850AD2B6538C6005F23A6 /* RMCharacter.swift in Sources */ = {isa = PBXBuildFile; fileRef = 72A850AC2B6538C6005F23A6 /* RMCharacter.swift */; };
		72A850AF2B6538D2005F23A6 /* RMEpisode.swift in Sources */ = {isa = PBXBuildFile; fileRef = 72A850AE2B6538D2005F23A6 /* RMEpisode.swift */; };
		72A850B22B653977005F23A6 /* RMCharacterViewController.swift in Sources */ = {isa = PBXBuildFile; fileRef = 72A850B12B653977005F23A6 /* RMCharacterViewController.swift */; };
		72A850B42B653986005F23A6 /* RMEpisodeViewController.swift in Sources */ = {isa = PBXBuildFile; fileRef = 72A850B32B653986005F23A6 /* RMEpisodeViewController.swift */; };
		72A850B62B653993005F23A6 /* RMLocationViewController.swift in Sources */ = {isa = PBXBuildFile; fileRef = 72A850B52B653993005F23A6 /* RMLocationViewController.swift */; };
		72A850B82B6539B1005F23A6 /* RMSettingsViewController.swift in Sources */ = {isa = PBXBuildFile; fileRef = 72A850B72B6539B1005F23A6 /* RMSettingsViewController.swift */; };
		72B4CFC02B7A23C400CBCFF6 /* RMSettingsViewViewModel.swift in Sources */ = {isa = PBXBuildFile; fileRef = 72B4CFBF2B7A23C400CBCFF6 /* RMSettingsViewViewModel.swift */; };
		72B4CFC22B7A241700CBCFF6 /* RMSettingsCellViewModel.swift in Sources */ = {isa = PBXBuildFile; fileRef = 72B4CFC12B7A241700CBCFF6 /* RMSettingsCellViewModel.swift */; };
		72B4CFC42B7A24A600CBCFF6 /* RMSettingsOption.swift in Sources */ = {isa = PBXBuildFile; fileRef = 72B4CFC32B7A24A600CBCFF6 /* RMSettingsOption.swift */; };
		72B4CFC72B7A28A800CBCFF6 /* RMSettingsView.swift in Sources */ = {isa = PBXBuildFile; fileRef = 72B4CFC62B7A28A800CBCFF6 /* RMSettingsView.swift */; };
		72B650652B7F7974002CD35F /* RMSearchResultViewModel.swift in Sources */ = {isa = PBXBuildFile; fileRef = 72B650642B7F7974002CD35F /* RMSearchResultViewModel.swift */; };
		72B7ED942B80FE9900C1D9CF /* RMSearchResultView.swift in Sources */ = {isa = PBXBuildFile; fileRef = 72B7ED932B80FE9900C1D9CF /* RMSearchResultView.swift */; };
		72BAC5E32B7E364E001D6918 /* RMSearchOptionPickerViewController.swift in Sources */ = {isa = PBXBuildFile; fileRef = 72BAC5E22B7E364E001D6918 /* RMSearchOptionPickerViewController.swift */; };
		72BCD7832B65633E00EC2C2B /* RMOrigin.swift in Sources */ = {isa = PBXBuildFile; fileRef = 72BCD7822B65633E00EC2C2B /* RMOrigin.swift */; };
		72BCD7852B65641400EC2C2B /* RMSingleLocation.swift in Sources */ = {isa = PBXBuildFile; fileRef = 72BCD7842B65641400EC2C2B /* RMSingleLocation.swift */; };
		72BCD7872B6564FF00EC2C2B /* RMCharacterStatus.swift in Sources */ = {isa = PBXBuildFile; fileRef = 72BCD7862B6564FF00EC2C2B /* RMCharacterStatus.swift */; };
		72BCD7892B65654200EC2C2B /* RMCharacterGender.swift in Sources */ = {isa = PBXBuildFile; fileRef = 72BCD7882B65654200EC2C2B /* RMCharacterGender.swift */; };
		72C24E722B72880700121A69 /* RMImageLoader.swift in Sources */ = {isa = PBXBuildFile; fileRef = 72C24E712B72880700121A69 /* RMImageLoader.swift */; };
		72CB1F982B73E925003D3047 /* RMCharacterPhotoCollectionViewCell.swift in Sources */ = {isa = PBXBuildFile; fileRef = 72CB1F972B73E925003D3047 /* RMCharacterPhotoCollectionViewCell.swift */; };
		72CB1F9A2B73E933003D3047 /* RMCharacterInformationCollectionViewCell.swift in Sources */ = {isa = PBXBuildFile; fileRef = 72CB1F992B73E933003D3047 /* RMCharacterInformationCollectionViewCell.swift */; };
		72CB1F9C2B73E942003D3047 /* RMCharacterEpisodeCollectionViewCell.swift in Sources */ = {isa = PBXBuildFile; fileRef = 72CB1F9B2B73E942003D3047 /* RMCharacterEpisodeCollectionViewCell.swift */; };
		72CB1FA02B73E9B1003D3047 /* RMCharacterPhotoCollectionViewCellViewModel.swift in Sources */ = {isa = PBXBuildFile; fileRef = 72CB1F9F2B73E9B1003D3047 /* RMCharacterPhotoCollectionViewCellViewModel.swift */; };
		72CB1FA22B73E9BD003D3047 /* RMCharacterInformationCollectionViewCellViewModel.swift in Sources */ = {isa = PBXBuildFile; fileRef = 72CB1FA12B73E9BD003D3047 /* RMCharacterInformationCollectionViewCellViewModel.swift */; };
		72CB1FA42B73E9C9003D3047 /* RMCharacterEpisodeCollectionViewCellViewModel.swift in Sources */ = {isa = PBXBuildFile; fileRef = 72CB1FA32B73E9C9003D3047 /* RMCharacterEpisodeCollectionViewCellViewModel.swift */; };
		72CD55412B795CD600D347FA /* RMLocationDetailViewViewModel.swift in Sources */ = {isa = PBXBuildFile; fileRef = 72CD55402B795CD600D347FA /* RMLocationDetailViewViewModel.swift */; };
		72CD55432B795CE900D347FA /* RMLocationInformationCollectionViewCellViewModel.swift in Sources */ = {isa = PBXBuildFile; fileRef = 72CD55422B795CE900D347FA /* RMLocationInformationCollectionViewCellViewModel.swift */; };
		72CD55462B79600300D347FA /* RMLocationDetailView.swift in Sources */ = {isa = PBXBuildFile; fileRef = 72CD55452B79600300D347FA /* RMLocationDetailView.swift */; };
		72DC8ABD2B7A44DA002A9E75 /* RMTableLoadingFooterView.swift in Sources */ = {isa = PBXBuildFile; fileRef = 72DC8ABC2B7A44DA002A9E75 /* RMTableLoadingFooterView.swift */; };
		72DEBAED2B6556650099A5FB /* RMService.swift in Sources */ = {isa = PBXBuildFile; fileRef = 72DEBAEC2B6556650099A5FB /* RMService.swift */; };
		72DEBAEF2B6556710099A5FB /* RMRequest.swift in Sources */ = {isa = PBXBuildFile; fileRef = 72DEBAEE2B6556710099A5FB /* RMRequest.swift */; };
		72DEBAF12B6557490099A5FB /* RMEndpoint.swift in Sources */ = {isa = PBXBuildFile; fileRef = 72DEBAF02B6557490099A5FB /* RMEndpoint.swift */; };
		72F5F58E2B7936EF008455F3 /* RMLocationDetailViewController.swift in Sources */ = {isa = PBXBuildFile; fileRef = 72F5F58D2B7936EF008455F3 /* RMLocationDetailViewController.swift */; };
		72F5F5942B7937B2008455F3 /* RMLocationListView.swift in Sources */ = {isa = PBXBuildFile; fileRef = 72F5F5932B7937B2008455F3 /* RMLocationListView.swift */; };
		72F5F5962B7937C8008455F3 /* RMLocationListViewViewModel.swift in Sources */ = {isa = PBXBuildFile; fileRef = 72F5F5952B7937C8008455F3 /* RMLocationListViewViewModel.swift */; };
		72F5F5982B793DDA008455F3 /* RMGetAllLocationsResponse.swift in Sources */ = {isa = PBXBuildFile; fileRef = 72F5F5972B793DDA008455F3 /* RMGetAllLocationsResponse.swift */; };
		72F5F59A2B7942F2008455F3 /* RMLocationTableViewCellViewModel.swift in Sources */ = {isa = PBXBuildFile; fileRef = 72F5F5992B7942F2008455F3 /* RMLocationTableViewCellViewModel.swift */; };
		72F5F59C2B7944B3008455F3 /* RMLocationCollectionViewCell.swift in Sources */ = {isa = PBXBuildFile; fileRef = 72F5F59B2B7944B3008455F3 /* RMLocationCollectionViewCell.swift */; };
/* End PBXBuildFile section */

/* Begin PBXFileReference section */
		72092A2B2B78CB4600B43D7F /* RMSearchViewController.swift */ = {isa = PBXFileReference; lastKnownFileType = sourcecode.swift; path = RMSearchViewController.swift; sourceTree = "<group>"; };
		72092A2D2B78DC8200B43D7F /* RMEpisodeInformationCollectionViewCell.swift */ = {isa = PBXFileReference; lastKnownFileType = sourcecode.swift; path = RMEpisodeInformationCollectionViewCell.swift; sourceTree = "<group>"; };
		72092A2F2B78DC8D00B43D7F /* RMEpisodeInformationCollectionViewCellViewModel.swift */ = {isa = PBXFileReference; lastKnownFileType = sourcecode.swift; path = RMEpisodeInformationCollectionViewCellViewModel.swift; sourceTree = "<group>"; };
		721248E12B77C7D200EEE028 /* RMEpisodeDetailViewViewModel.swift */ = {isa = PBXFileReference; lastKnownFileType = sourcecode.swift; path = RMEpisodeDetailViewViewModel.swift; sourceTree = "<group>"; };
		721248E32B77C88300EEE028 /* RMEpisodeDetailView.swift */ = {isa = PBXFileReference; lastKnownFileType = sourcecode.swift; path = RMEpisodeDetailView.swift; sourceTree = "<group>"; };
		721248E62B77CAFC00EEE028 /* RMEpisodeListView.swift */ = {isa = PBXFileReference; lastKnownFileType = sourcecode.swift; path = RMEpisodeListView.swift; sourceTree = "<group>"; };
		721248EB2B77CB3600EEE028 /* RMEpisodeListViewViewModel.swift */ = {isa = PBXFileReference; lastKnownFileType = sourcecode.swift; path = RMEpisodeListViewViewModel.swift; sourceTree = "<group>"; };
		721248ED2B77D0F700EEE028 /* RMGetAllEpisodesResponse.swift */ = {isa = PBXFileReference; lastKnownFileType = sourcecode.swift; path = RMGetAllEpisodesResponse.swift; sourceTree = "<group>"; };
		721248EF2B77D17500EEE028 /* RMEpisodeCollectionViewCellViewModel.swift */ = {isa = PBXFileReference; lastKnownFileType = sourcecode.swift; path = RMEpisodeCollectionViewCellViewModel.swift; sourceTree = "<group>"; };
		721248F12B77D28700EEE028 /* RMEpisodeCollectionViewCell.swift */ = {isa = PBXFileReference; lastKnownFileType = sourcecode.swift; path = RMEpisodeCollectionViewCell.swift; sourceTree = "<group>"; };
		722651C32B7BED5E00C898EC /* RMSearchView.swift */ = {isa = PBXFileReference; lastKnownFileType = sourcecode.swift; path = RMSearchView.swift; sourceTree = "<group>"; };
		722651C62B7BEE0600C898EC /* RMSearchViewViewModel.swift */ = {isa = PBXFileReference; lastKnownFileType = sourcecode.swift; path = RMSearchViewViewModel.swift; sourceTree = "<group>"; };
		722651C82B7BEF9B00C898EC /* RMNoSearchResultsView.swift */ = {isa = PBXFileReference; lastKnownFileType = sourcecode.swift; path = RMNoSearchResultsView.swift; sourceTree = "<group>"; };
		722651CA2B7BEFB400C898EC /* RMNoSearchResultsViewViewModel.swift */ = {isa = PBXFileReference; lastKnownFileType = sourcecode.swift; path = RMNoSearchResultsViewViewModel.swift; sourceTree = "<group>"; };
		722651CC2B7BEFE400C898EC /* RMSearchInputView.swift */ = {isa = PBXFileReference; lastKnownFileType = sourcecode.swift; path = RMSearchInputView.swift; sourceTree = "<group>"; };
		722651CE2B7BF00700C898EC /* RMSearchInputViewViewModel.swift */ = {isa = PBXFileReference; lastKnownFileType = sourcecode.swift; path = RMSearchInputViewViewModel.swift; sourceTree = "<group>"; };
		722ADDE82B7657950076D518 /* RMEpisodeDetailViewController.swift */ = {isa = PBXFileReference; lastKnownFileType = sourcecode.swift; path = RMEpisodeDetailViewController.swift; sourceTree = "<group>"; };
		722ADDEA2B7659D40076D518 /* RMAPICacheManager.swift */ = {isa = PBXFileReference; lastKnownFileType = sourcecode.swift; path = RMAPICacheManager.swift; sourceTree = "<group>"; };
		72384FF12B6C078D004BCF37 /* RMCharacterDetailViewController.swift */ = {isa = PBXFileReference; lastKnownFileType = sourcecode.swift; path = RMCharacterDetailViewController.swift; sourceTree = "<group>"; };
		72384FF42B6C084A004BCF37 /* RMCharacterDetailView.swift */ = {isa = PBXFileReference; lastKnownFileType = sourcecode.swift; path = RMCharacterDetailView.swift; sourceTree = "<group>"; };
		72384FF62B6C0872004BCF37 /* RMCharacterDetailViewViewModel.swift */ = {isa = PBXFileReference; lastKnownFileType = sourcecode.swift; path = RMCharacterDetailViewViewModel.swift; sourceTree = "<group>"; };
		72384FF82B6C1165004BCF37 /* RMFooterLoadingCollectionReusableView.swift */ = {isa = PBXFileReference; lastKnownFileType = sourcecode.swift; name = RMFooterLoadingCollectionReusableView.swift; path = RickAndMorty/Views/Shared/RMFooterLoadingCollectionReusableView.swift; sourceTree = SOURCE_ROOT; };
		726AF3752B5EFBF600D94147 /* RickAndMorty.app */ = {isa = PBXFileReference; explicitFileType = wrapper.application; includeInIndex = 0; path = RickAndMorty.app; sourceTree = BUILT_PRODUCTS_DIR; };
		726AF3782B5EFBF600D94147 /* AppDelegate.swift */ = {isa = PBXFileReference; lastKnownFileType = sourcecode.swift; path = AppDelegate.swift; sourceTree = "<group>"; };
		726AF37A2B5EFBF600D94147 /* SceneDelegate.swift */ = {isa = PBXFileReference; lastKnownFileType = sourcecode.swift; path = SceneDelegate.swift; sourceTree = "<group>"; };
		726AF37C2B5EFBF600D94147 /* RMTabViewController.swift */ = {isa = PBXFileReference; lastKnownFileType = sourcecode.swift; path = RMTabViewController.swift; sourceTree = "<group>"; };
		726AF3812B5EFBF700D94147 /* Assets.xcassets */ = {isa = PBXFileReference; lastKnownFileType = folder.assetcatalog; path = Assets.xcassets; sourceTree = "<group>"; };
		726AF3842B5EFBF700D94147 /* Base */ = {isa = PBXFileReference; lastKnownFileType = file.storyboard; name = Base; path = Base.lproj/LaunchScreen.storyboard; sourceTree = "<group>"; };
		726AF3862B5EFBF700D94147 /* Info.plist */ = {isa = PBXFileReference; lastKnownFileType = text.plist.xml; path = Info.plist; sourceTree = "<group>"; };
		72A462212B6A9BCC0040D6B3 /* RMGetAllCharactersResponse.swift */ = {isa = PBXFileReference; lastKnownFileType = sourcecode.swift; path = RMGetAllCharactersResponse.swift; sourceTree = "<group>"; };
		72A462232B6AA0CE0040D6B3 /* RMCharacterListViewViewModel.swift */ = {isa = PBXFileReference; lastKnownFileType = sourcecode.swift; path = RMCharacterListViewViewModel.swift; sourceTree = "<group>"; };
		72A462262B6AA15F0040D6B3 /* RMCharacterListView.swift */ = {isa = PBXFileReference; lastKnownFileType = sourcecode.swift; path = RMCharacterListView.swift; sourceTree = "<group>"; };
		72A462282B6AAB2E0040D6B3 /* Extensions.swift */ = {isa = PBXFileReference; lastKnownFileType = sourcecode.swift; path = Extensions.swift; sourceTree = "<group>"; };
		72A4622A2B6AB3910040D6B3 /* RMCharacterCollectionViewCell.swift */ = {isa = PBXFileReference; lastKnownFileType = sourcecode.swift; path = RMCharacterCollectionViewCell.swift; sourceTree = "<group>"; };
		72A4622C2B6AB51E0040D6B3 /* RMCharacterCollectionViewCellViewModel.swift */ = {isa = PBXFileReference; lastKnownFileType = sourcecode.swift; path = RMCharacterCollectionViewCellViewModel.swift; sourceTree = "<group>"; };
		72A850AA2B6538BB005F23A6 /* RMLocation.swift */ = {isa = PBXFileReference; lastKnownFileType = sourcecode.swift; path = RMLocation.swift; sourceTree = "<group>"; };
		72A850AC2B6538C6005F23A6 /* RMCharacter.swift */ = {isa = PBXFileReference; lastKnownFileType = sourcecode.swift; path = RMCharacter.swift; sourceTree = "<group>"; };
		72A850AE2B6538D2005F23A6 /* RMEpisode.swift */ = {isa = PBXFileReference; lastKnownFileType = sourcecode.swift; path = RMEpisode.swift; sourceTree = "<group>"; };
		72A850B12B653977005F23A6 /* RMCharacterViewController.swift */ = {isa = PBXFileReference; lastKnownFileType = sourcecode.swift; path = RMCharacterViewController.swift; sourceTree = "<group>"; };
		72A850B32B653986005F23A6 /* RMEpisodeViewController.swift */ = {isa = PBXFileReference; lastKnownFileType = sourcecode.swift; path = RMEpisodeViewController.swift; sourceTree = "<group>"; };
		72A850B52B653993005F23A6 /* RMLocationViewController.swift */ = {isa = PBXFileReference; lastKnownFileType = sourcecode.swift; path = RMLocationViewController.swift; sourceTree = "<group>"; };
		72A850B72B6539B1005F23A6 /* RMSettingsViewController.swift */ = {isa = PBXFileReference; lastKnownFileType = sourcecode.swift; path = RMSettingsViewController.swift; sourceTree = "<group>"; };
		72B4CFBF2B7A23C400CBCFF6 /* RMSettingsViewViewModel.swift */ = {isa = PBXFileReference; lastKnownFileType = sourcecode.swift; path = RMSettingsViewViewModel.swift; sourceTree = "<group>"; };
		72B4CFC12B7A241700CBCFF6 /* RMSettingsCellViewModel.swift */ = {isa = PBXFileReference; lastKnownFileType = sourcecode.swift; path = RMSettingsCellViewModel.swift; sourceTree = "<group>"; };
		72B4CFC32B7A24A600CBCFF6 /* RMSettingsOption.swift */ = {isa = PBXFileReference; lastKnownFileType = sourcecode.swift; path = RMSettingsOption.swift; sourceTree = "<group>"; };
		72B4CFC62B7A28A800CBCFF6 /* RMSettingsView.swift */ = {isa = PBXFileReference; lastKnownFileType = sourcecode.swift; path = RMSettingsView.swift; sourceTree = "<group>"; };
		72B650642B7F7974002CD35F /* RMSearchResultViewModel.swift */ = {isa = PBXFileReference; lastKnownFileType = sourcecode.swift; path = RMSearchResultViewModel.swift; sourceTree = "<group>"; };
		72B7ED932B80FE9900C1D9CF /* RMSearchResultView.swift */ = {isa = PBXFileReference; lastKnownFileType = sourcecode.swift; path = RMSearchResultView.swift; sourceTree = "<group>"; };
		72BAC5E22B7E364E001D6918 /* RMSearchOptionPickerViewController.swift */ = {isa = PBXFileReference; lastKnownFileType = sourcecode.swift; path = RMSearchOptionPickerViewController.swift; sourceTree = "<group>"; };
		72BCD7822B65633E00EC2C2B /* RMOrigin.swift */ = {isa = PBXFileReference; lastKnownFileType = sourcecode.swift; path = RMOrigin.swift; sourceTree = "<group>"; };
		72BCD7842B65641400EC2C2B /* RMSingleLocation.swift */ = {isa = PBXFileReference; lastKnownFileType = sourcecode.swift; path = RMSingleLocation.swift; sourceTree = "<group>"; };
		72BCD7862B6564FF00EC2C2B /* RMCharacterStatus.swift */ = {isa = PBXFileReference; lastKnownFileType = sourcecode.swift; path = RMCharacterStatus.swift; sourceTree = "<group>"; };
		72BCD7882B65654200EC2C2B /* RMCharacterGender.swift */ = {isa = PBXFileReference; lastKnownFileType = sourcecode.swift; path = RMCharacterGender.swift; sourceTree = "<group>"; };
		72C24E712B72880700121A69 /* RMImageLoader.swift */ = {isa = PBXFileReference; lastKnownFileType = sourcecode.swift; path = RMImageLoader.swift; sourceTree = "<group>"; };
		72CB1F972B73E925003D3047 /* RMCharacterPhotoCollectionViewCell.swift */ = {isa = PBXFileReference; lastKnownFileType = sourcecode.swift; path = RMCharacterPhotoCollectionViewCell.swift; sourceTree = "<group>"; };
		72CB1F992B73E933003D3047 /* RMCharacterInformationCollectionViewCell.swift */ = {isa = PBXFileReference; lastKnownFileType = sourcecode.swift; path = RMCharacterInformationCollectionViewCell.swift; sourceTree = "<group>"; };
		72CB1F9B2B73E942003D3047 /* RMCharacterEpisodeCollectionViewCell.swift */ = {isa = PBXFileReference; lastKnownFileType = sourcecode.swift; path = RMCharacterEpisodeCollectionViewCell.swift; sourceTree = "<group>"; };
		72CB1F9F2B73E9B1003D3047 /* RMCharacterPhotoCollectionViewCellViewModel.swift */ = {isa = PBXFileReference; lastKnownFileType = sourcecode.swift; path = RMCharacterPhotoCollectionViewCellViewModel.swift; sourceTree = "<group>"; };
		72CB1FA12B73E9BD003D3047 /* RMCharacterInformationCollectionViewCellViewModel.swift */ = {isa = PBXFileReference; lastKnownFileType = sourcecode.swift; path = RMCharacterInformationCollectionViewCellViewModel.swift; sourceTree = "<group>"; };
		72CB1FA32B73E9C9003D3047 /* RMCharacterEpisodeCollectionViewCellViewModel.swift */ = {isa = PBXFileReference; lastKnownFileType = sourcecode.swift; path = RMCharacterEpisodeCollectionViewCellViewModel.swift; sourceTree = "<group>"; };
		72CD55402B795CD600D347FA /* RMLocationDetailViewViewModel.swift */ = {isa = PBXFileReference; lastKnownFileType = sourcecode.swift; path = RMLocationDetailViewViewModel.swift; sourceTree = "<group>"; };
		72CD55422B795CE900D347FA /* RMLocationInformationCollectionViewCellViewModel.swift */ = {isa = PBXFileReference; lastKnownFileType = sourcecode.swift; path = RMLocationInformationCollectionViewCellViewModel.swift; sourceTree = "<group>"; };
		72CD55452B79600300D347FA /* RMLocationDetailView.swift */ = {isa = PBXFileReference; lastKnownFileType = sourcecode.swift; path = RMLocationDetailView.swift; sourceTree = "<group>"; };
		72DC8ABC2B7A44DA002A9E75 /* RMTableLoadingFooterView.swift */ = {isa = PBXFileReference; lastKnownFileType = sourcecode.swift; path = RMTableLoadingFooterView.swift; sourceTree = "<group>"; };
		72DEBAEC2B6556650099A5FB /* RMService.swift */ = {isa = PBXFileReference; lastKnownFileType = sourcecode.swift; path = RMService.swift; sourceTree = "<group>"; };
		72DEBAEE2B6556710099A5FB /* RMRequest.swift */ = {isa = PBXFileReference; lastKnownFileType = sourcecode.swift; path = RMRequest.swift; sourceTree = "<group>"; };
		72DEBAF02B6557490099A5FB /* RMEndpoint.swift */ = {isa = PBXFileReference; lastKnownFileType = sourcecode.swift; path = RMEndpoint.swift; sourceTree = "<group>"; };
		72F5F58D2B7936EF008455F3 /* RMLocationDetailViewController.swift */ = {isa = PBXFileReference; lastKnownFileType = sourcecode.swift; path = RMLocationDetailViewController.swift; sourceTree = "<group>"; };
		72F5F5932B7937B2008455F3 /* RMLocationListView.swift */ = {isa = PBXFileReference; lastKnownFileType = sourcecode.swift; path = RMLocationListView.swift; sourceTree = "<group>"; };
		72F5F5952B7937C8008455F3 /* RMLocationListViewViewModel.swift */ = {isa = PBXFileReference; lastKnownFileType = sourcecode.swift; path = RMLocationListViewViewModel.swift; sourceTree = "<group>"; };
		72F5F5972B793DDA008455F3 /* RMGetAllLocationsResponse.swift */ = {isa = PBXFileReference; lastKnownFileType = sourcecode.swift; path = RMGetAllLocationsResponse.swift; sourceTree = "<group>"; };
		72F5F5992B7942F2008455F3 /* RMLocationTableViewCellViewModel.swift */ = {isa = PBXFileReference; lastKnownFileType = sourcecode.swift; path = RMLocationTableViewCellViewModel.swift; sourceTree = "<group>"; };
		72F5F59B2B7944B3008455F3 /* RMLocationCollectionViewCell.swift */ = {isa = PBXFileReference; lastKnownFileType = sourcecode.swift; path = RMLocationCollectionViewCell.swift; sourceTree = "<group>"; };
/* End PBXFileReference section */

/* Begin PBXFrameworksBuildPhase section */
		726AF3722B5EFBF600D94147 /* Frameworks */ = {
			isa = PBXFrameworksBuildPhase;
			buildActionMask = 2147483647;
			files = (
			);
			runOnlyForDeploymentPostprocessing = 0;
		};
/* End PBXFrameworksBuildPhase section */

/* Begin PBXGroup section */
		72092A292B78C84F00B43D7F /* EpisodeDetails */ = {
			isa = PBXGroup;
			children = (
				721248E12B77C7D200EEE028 /* RMEpisodeDetailViewViewModel.swift */,
				72092A2F2B78DC8D00B43D7F /* RMEpisodeInformationCollectionViewCellViewModel.swift */,
			);
			path = EpisodeDetails;
			sourceTree = "<group>";
		};
		72092A2A2B78C87800B43D7F /* Shared */ = {
			isa = PBXGroup;
			children = (
				72384FF82B6C1165004BCF37 /* RMFooterLoadingCollectionReusableView.swift */,
			);
			path = Shared;
			sourceTree = "<group>";
		};
		721248E52B77CADA00EEE028 /* Episode */ = {
			isa = PBXGroup;
			children = (
				721248E62B77CAFC00EEE028 /* RMEpisodeListView.swift */,
				721248F12B77D28700EEE028 /* RMEpisodeCollectionViewCell.swift */,
			);
			path = Episode;
			sourceTree = "<group>";
		};
		721248E82B77CB0B00EEE028 /* EpisodeDetails */ = {
			isa = PBXGroup;
			children = (
				721248E32B77C88300EEE028 /* RMEpisodeDetailView.swift */,
				72092A2D2B78DC8200B43D7F /* RMEpisodeInformationCollectionViewCell.swift */,
			);
			path = EpisodeDetails;
			sourceTree = "<group>";
		};
		721248E92B77CB1E00EEE028 /* Episode */ = {
			isa = PBXGroup;
			children = (
				721248EB2B77CB3600EEE028 /* RMEpisodeListViewViewModel.swift */,
				721248EF2B77D17500EEE028 /* RMEpisodeCollectionViewCellViewModel.swift */,
			);
			path = Episode;
			sourceTree = "<group>";
		};
		722651C22B7BED5200C898EC /* Search */ = {
			isa = PBXGroup;
			children = (
				722651C32B7BED5E00C898EC /* RMSearchView.swift */,
				722651C82B7BEF9B00C898EC /* RMNoSearchResultsView.swift */,
				722651CC2B7BEFE400C898EC /* RMSearchInputView.swift */,
				72B7ED932B80FE9900C1D9CF /* RMSearchResultView.swift */,
			);
			path = Search;
			sourceTree = "<group>";
		};
		722651C52B7BEDFD00C898EC /* Search */ = {
			isa = PBXGroup;
			children = (
				722651C62B7BEE0600C898EC /* RMSearchViewViewModel.swift */,
				722651CA2B7BEFB400C898EC /* RMNoSearchResultsViewViewModel.swift */,
				722651CE2B7BF00700C898EC /* RMSearchInputViewViewModel.swift */,
				72B650642B7F7974002CD35F /* RMSearchResultViewModel.swift */,
			);
			path = Search;
			sourceTree = "<group>";
		};
		72384FF02B6C0768004BCF37 /* Other */ = {
			isa = PBXGroup;
			children = (
				72BAC5E42B7E375C001D6918 /* Search */,
				72384FF12B6C078D004BCF37 /* RMCharacterDetailViewController.swift */,
				722ADDE82B7657950076D518 /* RMEpisodeDetailViewController.swift */,
				72F5F58D2B7936EF008455F3 /* RMLocationDetailViewController.swift */,
			);
			path = Other;
			sourceTree = "<group>";
		};
		726AF36C2B5EFBF600D94147 = {
			isa = PBXGroup;
			children = (
				726AF3772B5EFBF600D94147 /* RickAndMorty */,
				726AF3762B5EFBF600D94147 /* Products */,
			);
			sourceTree = "<group>";
		};
		726AF3762B5EFBF600D94147 /* Products */ = {
			isa = PBXGroup;
			children = (
				726AF3752B5EFBF600D94147 /* RickAndMorty.app */,
			);
			name = Products;
			sourceTree = "<group>";
		};
		726AF3772B5EFBF600D94147 /* RickAndMorty */ = {
			isa = PBXGroup;
			children = (
				72A850A92B65383F005F23A6 /* Resources */,
				72A850A82B653833005F23A6 /* Managers */,
				72A850A72B65382D005F23A6 /* APIClient */,
				72A850A62B65380C005F23A6 /* ViewModels */,
				72A850A32B6537FF005F23A6 /* Views */,
				72A850A42B653803005F23A6 /* Models */,
				72A850A22B6537F6005F23A6 /* Controllers */,
				726AF3862B5EFBF700D94147 /* Info.plist */,
			);
			path = RickAndMorty;
			sourceTree = "<group>";
		};
		72A4621F2B6A9B700040D6B3 /* DataTypes */ = {
			isa = PBXGroup;
			children = (
				72A850AA2B6538BB005F23A6 /* RMLocation.swift */,
				72A850AC2B6538C6005F23A6 /* RMCharacter.swift */,
				72A850AE2B6538D2005F23A6 /* RMEpisode.swift */,
				72BCD7822B65633E00EC2C2B /* RMOrigin.swift */,
				72BCD7842B65641400EC2C2B /* RMSingleLocation.swift */,
				72BCD7862B6564FF00EC2C2B /* RMCharacterStatus.swift */,
				72BCD7882B65654200EC2C2B /* RMCharacterGender.swift */,
			);
			path = DataTypes;
			sourceTree = "<group>";
		};
		72A462202B6A9BA80040D6B3 /* APIResponseTypes */ = {
			isa = PBXGroup;
			children = (
				72A462212B6A9BCC0040D6B3 /* RMGetAllCharactersResponse.swift */,
				721248ED2B77D0F700EEE028 /* RMGetAllEpisodesResponse.swift */,
				72F5F5972B793DDA008455F3 /* RMGetAllLocationsResponse.swift */,
			);
			path = APIResponseTypes;
			sourceTree = "<group>";
		};
		72A850A22B6537F6005F23A6 /* Controllers */ = {
			isa = PBXGroup;
			children = (
				72384FF02B6C0768004BCF37 /* Other */,
				72A850B02B653958005F23A6 /* Core */,
			);
			path = Controllers;
			sourceTree = "<group>";
		};
		72A850A32B6537FF005F23A6 /* Views */ = {
			isa = PBXGroup;
			children = (
				722651C22B7BED5200C898EC /* Search */,
				72B4CFC52B7A288B00CBCFF6 /* SwiftUI */,
				72092A2A2B78C87800B43D7F /* Shared */,
				72F5F5922B793765008455F3 /* LocationDetails */,
				72F5F5912B79375C008455F3 /* Location */,
				721248E82B77CB0B00EEE028 /* EpisodeDetails */,
				721248E52B77CADA00EEE028 /* Episode */,
				72CB1F952B73E8C5003D3047 /* CharacterDetails */,
				72CB1F962B73E8F7003D3047 /* Character */,
			);
			path = Views;
			sourceTree = "<group>";
		};
		72A850A42B653803005F23A6 /* Models */ = {
			isa = PBXGroup;
			children = (
				72A462202B6A9BA80040D6B3 /* APIResponseTypes */,
				72A4621F2B6A9B700040D6B3 /* DataTypes */,
			);
			path = Models;
			sourceTree = "<group>";
		};
		72A850A62B65380C005F23A6 /* ViewModels */ = {
			isa = PBXGroup;
			children = (
				722651C52B7BEDFD00C898EC /* Search */,
				72B4CFBE2B7A23B800CBCFF6 /* Settings */,
				72F5F5902B793750008455F3 /* LocationDetails */,
				72F5F58F2B793746008455F3 /* Location */,
				72092A292B78C84F00B43D7F /* EpisodeDetails */,
				721248E92B77CB1E00EEE028 /* Episode */,
				72CB1F9D2B73E975003D3047 /* CharacterDetails */,
				72CB1F9E2B73E985003D3047 /* Character */,
			);
			path = ViewModels;
			sourceTree = "<group>";
		};
		72A850A72B65382D005F23A6 /* APIClient */ = {
			isa = PBXGroup;
			children = (
				72DEBAEC2B6556650099A5FB /* RMService.swift */,
				72DEBAEE2B6556710099A5FB /* RMRequest.swift */,
				72DEBAF02B6557490099A5FB /* RMEndpoint.swift */,
			);
			path = APIClient;
			sourceTree = "<group>";
		};
		72A850A82B653833005F23A6 /* Managers */ = {
			isa = PBXGroup;
			children = (
				72C24E712B72880700121A69 /* RMImageLoader.swift */,
				722ADDEA2B7659D40076D518 /* RMAPICacheManager.swift */,
			);
			path = Managers;
			sourceTree = "<group>";
		};
		72A850A92B65383F005F23A6 /* Resources */ = {
			isa = PBXGroup;
			children = (
				726AF3782B5EFBF600D94147 /* AppDelegate.swift */,
				726AF37A2B5EFBF600D94147 /* SceneDelegate.swift */,
				726AF3812B5EFBF700D94147 /* Assets.xcassets */,
				726AF3832B5EFBF700D94147 /* LaunchScreen.storyboard */,
				72A462282B6AAB2E0040D6B3 /* Extensions.swift */,
			);
			path = Resources;
			sourceTree = "<group>";
		};
		72A850B02B653958005F23A6 /* Core */ = {
			isa = PBXGroup;
			children = (
				726AF37C2B5EFBF600D94147 /* RMTabViewController.swift */,
				72A850B12B653977005F23A6 /* RMCharacterViewController.swift */,
				72A850B32B653986005F23A6 /* RMEpisodeViewController.swift */,
				72A850B52B653993005F23A6 /* RMLocationViewController.swift */,
				72A850B72B6539B1005F23A6 /* RMSettingsViewController.swift */,
			);
			path = Core;
			sourceTree = "<group>";
		};
		72B4CFBE2B7A23B800CBCFF6 /* Settings */ = {
			isa = PBXGroup;
			children = (
				72B4CFBF2B7A23C400CBCFF6 /* RMSettingsViewViewModel.swift */,
				72B4CFC12B7A241700CBCFF6 /* RMSettingsCellViewModel.swift */,
				72B4CFC32B7A24A600CBCFF6 /* RMSettingsOption.swift */,
			);
			path = Settings;
			sourceTree = "<group>";
		};
		72B4CFC52B7A288B00CBCFF6 /* SwiftUI */ = {
			isa = PBXGroup;
			children = (
				72B4CFC62B7A28A800CBCFF6 /* RMSettingsView.swift */,
			);
			path = SwiftUI;
			sourceTree = "<group>";
		};
		72BAC5E42B7E375C001D6918 /* Search */ = {
			isa = PBXGroup;
			children = (
				72092A2B2B78CB4600B43D7F /* RMSearchViewController.swift */,
				72BAC5E22B7E364E001D6918 /* RMSearchOptionPickerViewController.swift */,
			);
			path = Search;
			sourceTree = "<group>";
		};
		72CB1F952B73E8C5003D3047 /* CharacterDetails */ = {
			isa = PBXGroup;
			children = (
				72384FF42B6C084A004BCF37 /* RMCharacterDetailView.swift */,
				72CB1F972B73E925003D3047 /* RMCharacterPhotoCollectionViewCell.swift */,
				72CB1F992B73E933003D3047 /* RMCharacterInformationCollectionViewCell.swift */,
				72CB1F9B2B73E942003D3047 /* RMCharacterEpisodeCollectionViewCell.swift */,
			);
			path = CharacterDetails;
			sourceTree = "<group>";
		};
		72CB1F962B73E8F7003D3047 /* Character */ = {
			isa = PBXGroup;
			children = (
				72A462262B6AA15F0040D6B3 /* RMCharacterListView.swift */,
				72A4622A2B6AB3910040D6B3 /* RMCharacterCollectionViewCell.swift */,
			);
			path = Character;
			sourceTree = "<group>";
		};
		72CB1F9D2B73E975003D3047 /* CharacterDetails */ = {
			isa = PBXGroup;
			children = (
				72384FF62B6C0872004BCF37 /* RMCharacterDetailViewViewModel.swift */,
				72CB1F9F2B73E9B1003D3047 /* RMCharacterPhotoCollectionViewCellViewModel.swift */,
				72CB1FA12B73E9BD003D3047 /* RMCharacterInformationCollectionViewCellViewModel.swift */,
				72CB1FA32B73E9C9003D3047 /* RMCharacterEpisodeCollectionViewCellViewModel.swift */,
			);
			path = CharacterDetails;
			sourceTree = "<group>";
		};
		72CB1F9E2B73E985003D3047 /* Character */ = {
			isa = PBXGroup;
			children = (
				72A462232B6AA0CE0040D6B3 /* RMCharacterListViewViewModel.swift */,
				72A4622C2B6AB51E0040D6B3 /* RMCharacterCollectionViewCellViewModel.swift */,
			);
			path = Character;
			sourceTree = "<group>";
		};
		72F5F58F2B793746008455F3 /* Location */ = {
			isa = PBXGroup;
			children = (
				72F5F5952B7937C8008455F3 /* RMLocationListViewViewModel.swift */,
				72F5F5992B7942F2008455F3 /* RMLocationTableViewCellViewModel.swift */,
			);
			path = Location;
			sourceTree = "<group>";
		};
		72F5F5902B793750008455F3 /* LocationDetails */ = {
			isa = PBXGroup;
			children = (
				72CD55402B795CD600D347FA /* RMLocationDetailViewViewModel.swift */,
				72CD55422B795CE900D347FA /* RMLocationInformationCollectionViewCellViewModel.swift */,
			);
			path = LocationDetails;
			sourceTree = "<group>";
		};
		72F5F5912B79375C008455F3 /* Location */ = {
			isa = PBXGroup;
			children = (
				72F5F5932B7937B2008455F3 /* RMLocationListView.swift */,
				72F5F59B2B7944B3008455F3 /* RMLocationCollectionViewCell.swift */,
				72DC8ABC2B7A44DA002A9E75 /* RMTableLoadingFooterView.swift */,
			);
			path = Location;
			sourceTree = "<group>";
		};
		72F5F5922B793765008455F3 /* LocationDetails */ = {
			isa = PBXGroup;
			children = (
				72CD55452B79600300D347FA /* RMLocationDetailView.swift */,
			);
			path = LocationDetails;
			sourceTree = "<group>";
		};
/* End PBXGroup section */

/* Begin PBXNativeTarget section */
		726AF3742B5EFBF600D94147 /* RickAndMorty */ = {
			isa = PBXNativeTarget;
			buildConfigurationList = 726AF3892B5EFBF700D94147 /* Build configuration list for PBXNativeTarget "RickAndMorty" */;
			buildPhases = (
				726AF3712B5EFBF600D94147 /* Sources */,
				726AF3722B5EFBF600D94147 /* Frameworks */,
				726AF3732B5EFBF600D94147 /* Resources */,
			);
			buildRules = (
			);
			dependencies = (
			);
			name = RickAndMorty;
			productName = RickAndMorty;
			productReference = 726AF3752B5EFBF600D94147 /* RickAndMorty.app */;
			productType = "com.apple.product-type.application";
		};
/* End PBXNativeTarget section */

/* Begin PBXProject section */
		726AF36D2B5EFBF600D94147 /* Project object */ = {
			isa = PBXProject;
			attributes = {
				BuildIndependentTargetsInParallel = 1;
				LastSwiftUpdateCheck = 1510;
				LastUpgradeCheck = 1510;
				TargetAttributes = {
					726AF3742B5EFBF600D94147 = {
						CreatedOnToolsVersion = 15.1;
					};
				};
			};
			buildConfigurationList = 726AF3702B5EFBF600D94147 /* Build configuration list for PBXProject "RickAndMorty" */;
			compatibilityVersion = "Xcode 14.0";
			developmentRegion = en;
			hasScannedForEncodings = 0;
			knownRegions = (
				en,
				Base,
			);
			mainGroup = 726AF36C2B5EFBF600D94147;
			productRefGroup = 726AF3762B5EFBF600D94147 /* Products */;
			projectDirPath = "";
			projectRoot = "";
			targets = (
				726AF3742B5EFBF600D94147 /* RickAndMorty */,
			);
		};
/* End PBXProject section */

/* Begin PBXResourcesBuildPhase section */
		726AF3732B5EFBF600D94147 /* Resources */ = {
			isa = PBXResourcesBuildPhase;
			buildActionMask = 2147483647;
			files = (
				726AF3852B5EFBF700D94147 /* LaunchScreen.storyboard in Resources */,
				726AF3822B5EFBF700D94147 /* Assets.xcassets in Resources */,
			);
			runOnlyForDeploymentPostprocessing = 0;
		};
/* End PBXResourcesBuildPhase section */

/* Begin PBXSourcesBuildPhase section */
		726AF3712B5EFBF600D94147 /* Sources */ = {
			isa = PBXSourcesBuildPhase;
			buildActionMask = 2147483647;
			files = (
				72A462222B6A9BCC0040D6B3 /* RMGetAllCharactersResponse.swift in Sources */,
				72384FF72B6C0872004BCF37 /* RMCharacterDetailViewViewModel.swift in Sources */,
				72F5F5942B7937B2008455F3 /* RMLocationListView.swift in Sources */,
				72BCD7832B65633E00EC2C2B /* RMOrigin.swift in Sources */,
				72A462272B6AA15F0040D6B3 /* RMCharacterListView.swift in Sources */,
				72BCD7852B65641400EC2C2B /* RMSingleLocation.swift in Sources */,
				72CB1FA22B73E9BD003D3047 /* RMCharacterInformationCollectionViewCellViewModel.swift in Sources */,
				72F5F5962B7937C8008455F3 /* RMLocationListViewViewModel.swift in Sources */,
				72092A2E2B78DC8200B43D7F /* RMEpisodeInformationCollectionViewCell.swift in Sources */,
				72F5F5982B793DDA008455F3 /* RMGetAllLocationsResponse.swift in Sources */,
				72BCD7872B6564FF00EC2C2B /* RMCharacterStatus.swift in Sources */,
				72BCD7892B65654200EC2C2B /* RMCharacterGender.swift in Sources */,
				72DC8ABD2B7A44DA002A9E75 /* RMTableLoadingFooterView.swift in Sources */,
				72384FF22B6C078D004BCF37 /* RMCharacterDetailViewController.swift in Sources */,
				72F5F59A2B7942F2008455F3 /* RMLocationTableViewCellViewModel.swift in Sources */,
				72B4CFC02B7A23C400CBCFF6 /* RMSettingsViewViewModel.swift in Sources */,
				721248E72B77CAFC00EEE028 /* RMEpisodeListView.swift in Sources */,
				72384FF92B6C1165004BCF37 /* RMFooterLoadingCollectionReusableView.swift in Sources */,
				72CD55432B795CE900D347FA /* RMLocationInformationCollectionViewCellViewModel.swift in Sources */,
				72A850B62B653993005F23A6 /* RMLocationViewController.swift in Sources */,
				721248F22B77D28700EEE028 /* RMEpisodeCollectionViewCell.swift in Sources */,
				72B4CFC22B7A241700CBCFF6 /* RMSettingsCellViewModel.swift in Sources */,
				72A850AF2B6538D2005F23A6 /* RMEpisode.swift in Sources */,
				726AF37D2B5EFBF600D94147 /* RMTabViewController.swift in Sources */,
				72B650652B7F7974002CD35F /* RMSearchResultViewModel.swift in Sources */,
				72A4622B2B6AB3910040D6B3 /* RMCharacterCollectionViewCell.swift in Sources */,
				726AF3792B5EFBF600D94147 /* AppDelegate.swift in Sources */,
				72CB1F9A2B73E933003D3047 /* RMCharacterInformationCollectionViewCell.swift in Sources */,
				72C24E722B72880700121A69 /* RMImageLoader.swift in Sources */,
				726AF37B2B5EFBF600D94147 /* SceneDelegate.swift in Sources */,
				72A850AB2B6538BB005F23A6 /* RMLocation.swift in Sources */,
				72CB1F982B73E925003D3047 /* RMCharacterPhotoCollectionViewCell.swift in Sources */,
				72CB1FA42B73E9C9003D3047 /* RMCharacterEpisodeCollectionViewCellViewModel.swift in Sources */,
				72F5F59C2B7944B3008455F3 /* RMLocationCollectionViewCell.swift in Sources */,
				72A850B82B6539B1005F23A6 /* RMSettingsViewController.swift in Sources */,
				72A462292B6AAB2E0040D6B3 /* Extensions.swift in Sources */,
				72CB1FA02B73E9B1003D3047 /* RMCharacterPhotoCollectionViewCellViewModel.swift in Sources */,
				72DEBAED2B6556650099A5FB /* RMService.swift in Sources */,
				72A850AD2B6538C6005F23A6 /* RMCharacter.swift in Sources */,
				722651CF2B7BF00700C898EC /* RMSearchInputViewViewModel.swift in Sources */,
				72B7ED942B80FE9900C1D9CF /* RMSearchResultView.swift in Sources */,
				72DEBAF12B6557490099A5FB /* RMEndpoint.swift in Sources */,
				72BAC5E32B7E364E001D6918 /* RMSearchOptionPickerViewController.swift in Sources */,
				722ADDE92B7657950076D518 /* RMEpisodeDetailViewController.swift in Sources */,
				721248E42B77C88300EEE028 /* RMEpisodeDetailView.swift in Sources */,
				72CD55462B79600300D347FA /* RMLocationDetailView.swift in Sources */,
				722651CD2B7BEFE400C898EC /* RMSearchInputView.swift in Sources */,
				722651CB2B7BEFB400C898EC /* RMNoSearchResultsViewViewModel.swift in Sources */,
				72A850B22B653977005F23A6 /* RMCharacterViewController.swift in Sources */,
				72A4622D2B6AB51E0040D6B3 /* RMCharacterCollectionViewCellViewModel.swift in Sources */,
				72B4CFC42B7A24A600CBCFF6 /* RMSettingsOption.swift in Sources */,
				72DEBAEF2B6556710099A5FB /* RMRequest.swift in Sources */,
				722651C42B7BED5E00C898EC /* RMSearchView.swift in Sources */,
				72092A302B78DC8D00B43D7F /* RMEpisodeInformationCollectionViewCellViewModel.swift in Sources */,
				72A462242B6AA0CE0040D6B3 /* RMCharacterListViewViewModel.swift in Sources */,
				721248E22B77C7D200EEE028 /* RMEpisodeDetailViewViewModel.swift in Sources */,
				72CB1F9C2B73E942003D3047 /* RMCharacterEpisodeCollectionViewCell.swift in Sources */,
				72B4CFC72B7A28A800CBCFF6 /* RMSettingsView.swift in Sources */,
				721248F02B77D17500EEE028 /* RMEpisodeCollectionViewCellViewModel.swift in Sources */,
				72F5F58E2B7936EF008455F3 /* RMLocationDetailViewController.swift in Sources */,
				721248EC2B77CB3600EEE028 /* RMEpisodeListViewViewModel.swift in Sources */,
				72092A2C2B78CB4600B43D7F /* RMSearchViewController.swift in Sources */,
				72A850B42B653986005F23A6 /* RMEpisodeViewController.swift in Sources */,
				72CD55412B795CD600D347FA /* RMLocationDetailViewViewModel.swift in Sources */,
				722651C72B7BEE0600C898EC /* RMSearchViewViewModel.swift in Sources */,
				721248EE2B77D0F700EEE028 /* RMGetAllEpisodesResponse.swift in Sources */,
				722ADDEB2B7659D40076D518 /* RMAPICacheManager.swift in Sources */,
				722651C92B7BEF9B00C898EC /* RMNoSearchResultsView.swift in Sources */,
				72384FF52B6C084A004BCF37 /* RMCharacterDetailView.swift in Sources */,
			);
			runOnlyForDeploymentPostprocessing = 0;
		};
/* End PBXSourcesBuildPhase section */

/* Begin PBXVariantGroup section */
		726AF3832B5EFBF700D94147 /* LaunchScreen.storyboard */ = {
			isa = PBXVariantGroup;
			children = (
				726AF3842B5EFBF700D94147 /* Base */,
			);
			name = LaunchScreen.storyboard;
			sourceTree = "<group>";
		};
/* End PBXVariantGroup section */

/* Begin XCBuildConfiguration section */
		726AF3872B5EFBF700D94147 /* Debug */ = {
			isa = XCBuildConfiguration;
			buildSettings = {
				ALWAYS_SEARCH_USER_PATHS = NO;
				ASSETCATALOG_COMPILER_GENERATE_SWIFT_ASSET_SYMBOL_EXTENSIONS = YES;
				CLANG_ANALYZER_NONNULL = YES;
				CLANG_ANALYZER_NUMBER_OBJECT_CONVERSION = YES_AGGRESSIVE;
				CLANG_CXX_LANGUAGE_STANDARD = "gnu++20";
				CLANG_ENABLE_MODULES = YES;
				CLANG_ENABLE_OBJC_ARC = YES;
				CLANG_ENABLE_OBJC_WEAK = YES;
				CLANG_WARN_BLOCK_CAPTURE_AUTORELEASING = YES;
				CLANG_WARN_BOOL_CONVERSION = YES;
				CLANG_WARN_COMMA = YES;
				CLANG_WARN_CONSTANT_CONVERSION = YES;
				CLANG_WARN_DEPRECATED_OBJC_IMPLEMENTATIONS = YES;
				CLANG_WARN_DIRECT_OBJC_ISA_USAGE = YES_ERROR;
				CLANG_WARN_DOCUMENTATION_COMMENTS = YES;
				CLANG_WARN_EMPTY_BODY = YES;
				CLANG_WARN_ENUM_CONVERSION = YES;
				CLANG_WARN_INFINITE_RECURSION = YES;
				CLANG_WARN_INT_CONVERSION = YES;
				CLANG_WARN_NON_LITERAL_NULL_CONVERSION = YES;
				CLANG_WARN_OBJC_IMPLICIT_RETAIN_SELF = YES;
				CLANG_WARN_OBJC_LITERAL_CONVERSION = YES;
				CLANG_WARN_OBJC_ROOT_CLASS = YES_ERROR;
				CLANG_WARN_QUOTED_INCLUDE_IN_FRAMEWORK_HEADER = YES;
				CLANG_WARN_RANGE_LOOP_ANALYSIS = YES;
				CLANG_WARN_STRICT_PROTOTYPES = YES;
				CLANG_WARN_SUSPICIOUS_MOVE = YES;
				CLANG_WARN_UNGUARDED_AVAILABILITY = YES_AGGRESSIVE;
				CLANG_WARN_UNREACHABLE_CODE = YES;
				CLANG_WARN__DUPLICATE_METHOD_MATCH = YES;
				COPY_PHASE_STRIP = NO;
				DEBUG_INFORMATION_FORMAT = dwarf;
				ENABLE_STRICT_OBJC_MSGSEND = YES;
				ENABLE_TESTABILITY = YES;
				ENABLE_USER_SCRIPT_SANDBOXING = YES;
				GCC_C_LANGUAGE_STANDARD = gnu17;
				GCC_DYNAMIC_NO_PIC = NO;
				GCC_NO_COMMON_BLOCKS = YES;
				GCC_OPTIMIZATION_LEVEL = 0;
				GCC_PREPROCESSOR_DEFINITIONS = (
					"DEBUG=1",
					"$(inherited)",
				);
				GCC_WARN_64_TO_32_BIT_CONVERSION = YES;
				GCC_WARN_ABOUT_RETURN_TYPE = YES_ERROR;
				GCC_WARN_UNDECLARED_SELECTOR = YES;
				GCC_WARN_UNINITIALIZED_AUTOS = YES_AGGRESSIVE;
				GCC_WARN_UNUSED_FUNCTION = YES;
				GCC_WARN_UNUSED_VARIABLE = YES;
				IPHONEOS_DEPLOYMENT_TARGET = 17.2;
				LOCALIZATION_PREFERS_STRING_CATALOGS = YES;
				MTL_ENABLE_DEBUG_INFO = INCLUDE_SOURCE;
				MTL_FAST_MATH = YES;
				ONLY_ACTIVE_ARCH = YES;
				SDKROOT = iphoneos;
				SWIFT_ACTIVE_COMPILATION_CONDITIONS = "DEBUG $(inherited)";
				SWIFT_OPTIMIZATION_LEVEL = "-Onone";
			};
			name = Debug;
		};
		726AF3882B5EFBF700D94147 /* Release */ = {
			isa = XCBuildConfiguration;
			buildSettings = {
				ALWAYS_SEARCH_USER_PATHS = NO;
				ASSETCATALOG_COMPILER_GENERATE_SWIFT_ASSET_SYMBOL_EXTENSIONS = YES;
				CLANG_ANALYZER_NONNULL = YES;
				CLANG_ANALYZER_NUMBER_OBJECT_CONVERSION = YES_AGGRESSIVE;
				CLANG_CXX_LANGUAGE_STANDARD = "gnu++20";
				CLANG_ENABLE_MODULES = YES;
				CLANG_ENABLE_OBJC_ARC = YES;
				CLANG_ENABLE_OBJC_WEAK = YES;
				CLANG_WARN_BLOCK_CAPTURE_AUTORELEASING = YES;
				CLANG_WARN_BOOL_CONVERSION = YES;
				CLANG_WARN_COMMA = YES;
				CLANG_WARN_CONSTANT_CONVERSION = YES;
				CLANG_WARN_DEPRECATED_OBJC_IMPLEMENTATIONS = YES;
				CLANG_WARN_DIRECT_OBJC_ISA_USAGE = YES_ERROR;
				CLANG_WARN_DOCUMENTATION_COMMENTS = YES;
				CLANG_WARN_EMPTY_BODY = YES;
				CLANG_WARN_ENUM_CONVERSION = YES;
				CLANG_WARN_INFINITE_RECURSION = YES;
				CLANG_WARN_INT_CONVERSION = YES;
				CLANG_WARN_NON_LITERAL_NULL_CONVERSION = YES;
				CLANG_WARN_OBJC_IMPLICIT_RETAIN_SELF = YES;
				CLANG_WARN_OBJC_LITERAL_CONVERSION = YES;
				CLANG_WARN_OBJC_ROOT_CLASS = YES_ERROR;
				CLANG_WARN_QUOTED_INCLUDE_IN_FRAMEWORK_HEADER = YES;
				CLANG_WARN_RANGE_LOOP_ANALYSIS = YES;
				CLANG_WARN_STRICT_PROTOTYPES = YES;
				CLANG_WARN_SUSPICIOUS_MOVE = YES;
				CLANG_WARN_UNGUARDED_AVAILABILITY = YES_AGGRESSIVE;
				CLANG_WARN_UNREACHABLE_CODE = YES;
				CLANG_WARN__DUPLICATE_METHOD_MATCH = YES;
				COPY_PHASE_STRIP = NO;
				DEBUG_INFORMATION_FORMAT = "dwarf-with-dsym";
				ENABLE_NS_ASSERTIONS = NO;
				ENABLE_STRICT_OBJC_MSGSEND = YES;
				ENABLE_USER_SCRIPT_SANDBOXING = YES;
				GCC_C_LANGUAGE_STANDARD = gnu17;
				GCC_NO_COMMON_BLOCKS = YES;
				GCC_WARN_64_TO_32_BIT_CONVERSION = YES;
				GCC_WARN_ABOUT_RETURN_TYPE = YES_ERROR;
				GCC_WARN_UNDECLARED_SELECTOR = YES;
				GCC_WARN_UNINITIALIZED_AUTOS = YES_AGGRESSIVE;
				GCC_WARN_UNUSED_FUNCTION = YES;
				GCC_WARN_UNUSED_VARIABLE = YES;
				IPHONEOS_DEPLOYMENT_TARGET = 17.2;
				LOCALIZATION_PREFERS_STRING_CATALOGS = YES;
				MTL_ENABLE_DEBUG_INFO = NO;
				MTL_FAST_MATH = YES;
				SDKROOT = iphoneos;
				SWIFT_COMPILATION_MODE = wholemodule;
				VALIDATE_PRODUCT = YES;
			};
			name = Release;
		};
		726AF38A2B5EFBF700D94147 /* Debug */ = {
			isa = XCBuildConfiguration;
			buildSettings = {
				ASSETCATALOG_COMPILER_APPICON_NAME = AppIcon;
				ASSETCATALOG_COMPILER_GLOBAL_ACCENT_COLOR_NAME = AccentColor;
				CODE_SIGN_STYLE = Automatic;
				CURRENT_PROJECT_VERSION = 1;
				DEVELOPMENT_TEAM = NJVM2X728T;
				GENERATE_INFOPLIST_FILE = YES;
				INFOPLIST_FILE = RickAndMorty/Info.plist;
				INFOPLIST_KEY_CFBundleDisplayName = "Rick & Morty";
				INFOPLIST_KEY_LSApplicationCategoryType = "public.app-category.entertainment";
				INFOPLIST_KEY_UIApplicationSupportsIndirectInputEvents = YES;
				INFOPLIST_KEY_UILaunchStoryboardName = LaunchScreen;
				INFOPLIST_KEY_UISupportedInterfaceOrientations_iPad = "UIInterfaceOrientationPortrait UIInterfaceOrientationPortraitUpsideDown UIInterfaceOrientationLandscapeLeft UIInterfaceOrientationLandscapeRight";
				INFOPLIST_KEY_UISupportedInterfaceOrientations_iPhone = "UIInterfaceOrientationPortrait UIInterfaceOrientationLandscapeLeft UIInterfaceOrientationLandscapeRight";
				IPHONEOS_DEPLOYMENT_TARGET = 17.2;
				LD_RUNPATH_SEARCH_PATHS = (
					"$(inherited)",
					"@executable_path/Frameworks",
				);
				MARKETING_VERSION = 1.0;
				PRODUCT_BUNDLE_IDENTIFIER = com.chingizagha.RickAndMorty;
				PRODUCT_NAME = "$(TARGET_NAME)";
				SWIFT_EMIT_LOC_STRINGS = YES;
				SWIFT_VERSION = 5.0;
				TARGETED_DEVICE_FAMILY = "1,2";
			};
			name = Debug;
		};
		726AF38B2B5EFBF700D94147 /* Release */ = {
			isa = XCBuildConfiguration;
			buildSettings = {
				ASSETCATALOG_COMPILER_APPICON_NAME = AppIcon;
				ASSETCATALOG_COMPILER_GLOBAL_ACCENT_COLOR_NAME = AccentColor;
				CODE_SIGN_STYLE = Automatic;
				CURRENT_PROJECT_VERSION = 1;
				DEVELOPMENT_TEAM = NJVM2X728T;
				GENERATE_INFOPLIST_FILE = YES;
				INFOPLIST_FILE = RickAndMorty/Info.plist;
				INFOPLIST_KEY_CFBundleDisplayName = "Rick & Morty";
				INFOPLIST_KEY_LSApplicationCategoryType = "public.app-category.entertainment";
				INFOPLIST_KEY_UIApplicationSupportsIndirectInputEvents = YES;
				INFOPLIST_KEY_UILaunchStoryboardName = LaunchScreen;
				INFOPLIST_KEY_UISupportedInterfaceOrientations_iPad = "UIInterfaceOrientationPortrait UIInterfaceOrientationPortraitUpsideDown UIInterfaceOrientationLandscapeLeft UIInterfaceOrientationLandscapeRight";
				INFOPLIST_KEY_UISupportedInterfaceOrientations_iPhone = "UIInterfaceOrientationPortrait UIInterfaceOrientationLandscapeLeft UIInterfaceOrientationLandscapeRight";
				IPHONEOS_DEPLOYMENT_TARGET = 17.2;
				LD_RUNPATH_SEARCH_PATHS = (
					"$(inherited)",
					"@executable_path/Frameworks",
				);
				MARKETING_VERSION = 1.0;
				PRODUCT_BUNDLE_IDENTIFIER = com.chingizagha.RickAndMorty;
				PRODUCT_NAME = "$(TARGET_NAME)";
				SWIFT_EMIT_LOC_STRINGS = YES;
				SWIFT_VERSION = 5.0;
				TARGETED_DEVICE_FAMILY = "1,2";
			};
			name = Release;
		};
/* End XCBuildConfiguration section */

/* Begin XCConfigurationList section */
		726AF3702B5EFBF600D94147 /* Build configuration list for PBXProject "RickAndMorty" */ = {
			isa = XCConfigurationList;
			buildConfigurations = (
				726AF3872B5EFBF700D94147 /* Debug */,
				726AF3882B5EFBF700D94147 /* Release */,
			);
			defaultConfigurationIsVisible = 0;
			defaultConfigurationName = Release;
		};
		726AF3892B5EFBF700D94147 /* Build configuration list for PBXNativeTarget "RickAndMorty" */ = {
			isa = XCConfigurationList;
			buildConfigurations = (
				726AF38A2B5EFBF700D94147 /* Debug */,
				726AF38B2B5EFBF700D94147 /* Release */,
			);
			defaultConfigurationIsVisible = 0;
			defaultConfigurationName = Release;
		};
/* End XCConfigurationList section */
	};
	rootObject = 726AF36D2B5EFBF600D94147 /* Project object */;
}
